
Microsoft Visual Studio Solution File, Format Version 12.00
# Visual Studio Version 16
VisualStudioVersion = 16.0.30709.64
MinimumVisualStudioVersion = 10.0.40219.1
Project("{9A19103F-16F7-4668-BE54-9A1E7A4F7556}") = "Robot.ObjectRecognition", "Robot.ObjectRecognition\Robot.ObjectRecognition.csproj", "{C057DACA-B747-4610-8FCF-B37A03E78ADF}"
EndProject
Project("{9A19103F-16F7-4668-BE54-9A1E7A4F7556}") = "Robot.ModelGen", "Robot.ModelGen\Robot.ModelGen.csproj", "{B086B27F-4F12-4D85-A138-D67A0382A2D6}"
EndProject
Project("{9A19103F-16F7-4668-BE54-9A1E7A4F7556}") = "Robot.Devices.Camera", "Robot.Devices.Camera\Robot.Devices.Camera.csproj", "{867812E2-45DC-4EE7-BEBB-0B1FC6EC854B}"
EndProject
Project("{9A19103F-16F7-4668-BE54-9A1E7A4F7556}") = "Robot.Devices.Camera.MMAL", "Robot.Devices.Camera.MMAL\Robot.Devices.Camera.MMAL.csproj", "{DCCFD6B8-E8B4-48DE-86C2-39ABF275DC96}"
EndProject
Project("{9A19103F-16F7-4668-BE54-9A1E7A4F7556}") = "Robot.Devices.Camera.DirectShow", "Robot.Devices.Camera.DirectShow\Robot.Devices.Camera.DirectShow.csproj", "{B0C72B2B-0167-4D8F-9DF6-A1EB8606A33E}"
EndProject
Project("{9A19103F-16F7-4668-BE54-9A1E7A4F7556}") = "Robot.Server", "Robot.Server\Robot.Server.csproj", "{D68BB395-3938-48D0-924C-A6B6A1E074DE}"
EndProject
Project("{FAE04EC0-301F-11D3-BF4B-00C04F79EFBC}") = "Robot.Devices.Camera.Static", "Robot.Devices.Camera.Static\Robot.Devices.Camera.Static.csproj", "{824B3DF4-A976-49B6-BDD8-39383F8329D5}"
EndProject
Global
	GlobalSection(SolutionConfigurationPlatforms) = preSolution
		Debug|Any CPU = Debug|Any CPU
		Debug|iPhone = Debug|iPhone
		Debug|iPhoneSimulator = Debug|iPhoneSimulator
		Release|Any CPU = Release|Any CPU
		Release|iPhone = Release|iPhone
		Release|iPhoneSimulator = Release|iPhoneSimulator
	EndGlobalSection
	GlobalSection(ProjectConfigurationPlatforms) = postSolution
		{C057DACA-B747-4610-8FCF-B37A03E78ADF}.Debug|Any CPU.ActiveCfg = Debug|Any CPU
		{C057DACA-B747-4610-8FCF-B37A03E78ADF}.Debug|Any CPU.Build.0 = Debug|Any CPU
		{C057DACA-B747-4610-8FCF-B37A03E78ADF}.Debug|iPhone.ActiveCfg = Debug|Any CPU
		{C057DACA-B747-4610-8FCF-B37A03E78ADF}.Debug|iPhone.Build.0 = Debug|Any CPU
		{C057DACA-B747-4610-8FCF-B37A03E78ADF}.Debug|iPhoneSimulator.ActiveCfg = Debug|Any CPU
		{C057DACA-B747-4610-8FCF-B37A03E78ADF}.Debug|iPhoneSimulator.Build.0 = Debug|Any CPU
		{C057DACA-B747-4610-8FCF-B37A03E78ADF}.Release|Any CPU.ActiveCfg = Release|Any CPU
		{C057DACA-B747-4610-8FCF-B37A03E78ADF}.Release|Any CPU.Build.0 = Release|Any CPU
		{C057DACA-B747-4610-8FCF-B37A03E78ADF}.Release|iPhone.ActiveCfg = Release|Any CPU
		{C057DACA-B747-4610-8FCF-B37A03E78ADF}.Release|iPhone.Build.0 = Release|Any CPU
		{C057DACA-B747-4610-8FCF-B37A03E78ADF}.Release|iPhoneSimulator.ActiveCfg = Release|Any CPU
		{C057DACA-B747-4610-8FCF-B37A03E78ADF}.Release|iPhoneSimulator.Build.0 = Release|Any CPU
		{B086B27F-4F12-4D85-A138-D67A0382A2D6}.Debug|Any CPU.ActiveCfg = Debug|Any CPU
		{B086B27F-4F12-4D85-A138-D67A0382A2D6}.Debug|Any CPU.Build.0 = Debug|Any CPU
		{B086B27F-4F12-4D85-A138-D67A0382A2D6}.Debug|iPhone.ActiveCfg = Debug|Any CPU
		{B086B27F-4F12-4D85-A138-D67A0382A2D6}.Debug|iPhone.Build.0 = Debug|Any CPU
		{B086B27F-4F12-4D85-A138-D67A0382A2D6}.Debug|iPhoneSimulator.ActiveCfg = Debug|Any CPU
		{B086B27F-4F12-4D85-A138-D67A0382A2D6}.Debug|iPhoneSimulator.Build.0 = Debug|Any CPU
		{B086B27F-4F12-4D85-A138-D67A0382A2D6}.Release|Any CPU.ActiveCfg = Release|Any CPU
		{B086B27F-4F12-4D85-A138-D67A0382A2D6}.Release|Any CPU.Build.0 = Release|Any CPU
		{B086B27F-4F12-4D85-A138-D67A0382A2D6}.Release|iPhone.ActiveCfg = Release|Any CPU
		{B086B27F-4F12-4D85-A138-D67A0382A2D6}.Release|iPhone.Build.0 = Release|Any CPU
		{B086B27F-4F12-4D85-A138-D67A0382A2D6}.Release|iPhoneSimulator.ActiveCfg = Release|Any CPU
		{B086B27F-4F12-4D85-A138-D67A0382A2D6}.Release|iPhoneSimulator.Build.0 = Release|Any CPU
		{867812E2-45DC-4EE7-BEBB-0B1FC6EC854B}.Debug|Any CPU.ActiveCfg = Debug|Any CPU
		{867812E2-45DC-4EE7-BEBB-0B1FC6EC854B}.Debug|Any CPU.Build.0 = Debug|Any CPU
		{867812E2-45DC-4EE7-BEBB-0B1FC6EC854B}.Debug|iPhone.ActiveCfg = Debug|Any CPU
		{867812E2-45DC-4EE7-BEBB-0B1FC6EC854B}.Debug|iPhone.Build.0 = Debug|Any CPU
		{867812E2-45DC-4EE7-BEBB-0B1FC6EC854B}.Debug|iPhoneSimulator.ActiveCfg = Debug|Any CPU
		{867812E2-45DC-4EE7-BEBB-0B1FC6EC854B}.Debug|iPhoneSimulator.Build.0 = Debug|Any CPU
		{867812E2-45DC-4EE7-BEBB-0B1FC6EC854B}.Release|Any CPU.ActiveCfg = Release|Any CPU
		{867812E2-45DC-4EE7-BEBB-0B1FC6EC854B}.Release|Any CPU.Build.0 = Release|Any CPU
		{867812E2-45DC-4EE7-BEBB-0B1FC6EC854B}.Release|iPhone.ActiveCfg = Release|Any CPU
		{867812E2-45DC-4EE7-BEBB-0B1FC6EC854B}.Release|iPhone.Build.0 = Release|Any CPU
		{867812E2-45DC-4EE7-BEBB-0B1FC6EC854B}.Release|iPhoneSimulator.ActiveCfg = Release|Any CPU
		{867812E2-45DC-4EE7-BEBB-0B1FC6EC854B}.Release|iPhoneSimulator.Build.0 = Release|Any CPU
		{DCCFD6B8-E8B4-48DE-86C2-39ABF275DC96}.Debug|Any CPU.ActiveCfg = Debug|Any CPU
		{DCCFD6B8-E8B4-48DE-86C2-39ABF275DC96}.Debug|Any CPU.Build.0 = Debug|Any CPU
		{DCCFD6B8-E8B4-48DE-86C2-39ABF275DC96}.Debug|iPhone.ActiveCfg = Debug|Any CPU
		{DCCFD6B8-E8B4-48DE-86C2-39ABF275DC96}.Debug|iPhone.Build.0 = Debug|Any CPU
		{DCCFD6B8-E8B4-48DE-86C2-39ABF275DC96}.Debug|iPhoneSimulator.ActiveCfg = Debug|Any CPU
		{DCCFD6B8-E8B4-48DE-86C2-39ABF275DC96}.Debug|iPhoneSimulator.Build.0 = Debug|Any CPU
		{DCCFD6B8-E8B4-48DE-86C2-39ABF275DC96}.Release|Any CPU.ActiveCfg = Release|Any CPU
		{DCCFD6B8-E8B4-48DE-86C2-39ABF275DC96}.Release|Any CPU.Build.0 = Release|Any CPU
		{DCCFD6B8-E8B4-48DE-86C2-39ABF275DC96}.Release|iPhone.ActiveCfg = Release|Any CPU
		{DCCFD6B8-E8B4-48DE-86C2-39ABF275DC96}.Release|iPhone.Build.0 = Release|Any CPU
		{DCCFD6B8-E8B4-48DE-86C2-39ABF275DC96}.Release|iPhoneSimulator.ActiveCfg = Release|Any CPU
		{DCCFD6B8-E8B4-48DE-86C2-39ABF275DC96}.Release|iPhoneSimulator.Build.0 = Release|Any CPU
		{B0C72B2B-0167-4D8F-9DF6-A1EB8606A33E}.Debug|Any CPU.ActiveCfg = Debug|Any CPU
		{B0C72B2B-0167-4D8F-9DF6-A1EB8606A33E}.Debug|Any CPU.Build.0 = Debug|Any CPU
		{B0C72B2B-0167-4D8F-9DF6-A1EB8606A33E}.Debug|iPhone.ActiveCfg = Debug|Any CPU
		{B0C72B2B-0167-4D8F-9DF6-A1EB8606A33E}.Debug|iPhone.Build.0 = Debug|Any CPU
		{B0C72B2B-0167-4D8F-9DF6-A1EB8606A33E}.Debug|iPhoneSimulator.ActiveCfg = Debug|Any CPU
		{B0C72B2B-0167-4D8F-9DF6-A1EB8606A33E}.Debug|iPhoneSimulator.Build.0 = Debug|Any CPU
		{B0C72B2B-0167-4D8F-9DF6-A1EB8606A33E}.Release|Any CPU.ActiveCfg = Release|Any CPU
		{B0C72B2B-0167-4D8F-9DF6-A1EB8606A33E}.Release|Any CPU.Build.0 = Release|Any CPU
		{B0C72B2B-0167-4D8F-9DF6-A1EB8606A33E}.Release|iPhone.ActiveCfg = Release|Any CPU
		{B0C72B2B-0167-4D8F-9DF6-A1EB8606A33E}.Release|iPhone.Build.0 = Release|Any CPU
		{B0C72B2B-0167-4D8F-9DF6-A1EB8606A33E}.Release|iPhoneSimulator.ActiveCfg = Release|Any CPU
		{B0C72B2B-0167-4D8F-9DF6-A1EB8606A33E}.Release|iPhoneSimulator.Build.0 = Release|Any CPU
		{D68BB395-3938-48D0-924C-A6B6A1E074DE}.Debug|Any CPU.ActiveCfg = Debug|Any CPU
		{D68BB395-3938-48D0-924C-A6B6A1E074DE}.Debug|Any CPU.Build.0 = Debug|Any CPU
		{D68BB395-3938-48D0-924C-A6B6A1E074DE}.Debug|iPhone.ActiveCfg = Debug|Any CPU
		{D68BB395-3938-48D0-924C-A6B6A1E074DE}.Debug|iPhone.Build.0 = Debug|Any CPU
		{D68BB395-3938-48D0-924C-A6B6A1E074DE}.Debug|iPhoneSimulator.ActiveCfg = Debug|Any CPU
		{D68BB395-3938-48D0-924C-A6B6A1E074DE}.Debug|iPhoneSimulator.Build.0 = Debug|Any CPU
		{D68BB395-3938-48D0-924C-A6B6A1E074DE}.Release|Any CPU.ActiveCfg = Release|Any CPU
		{D68BB395-3938-48D0-924C-A6B6A1E074DE}.Release|Any CPU.Build.0 = Release|Any CPU
		{D68BB395-3938-48D0-924C-A6B6A1E074DE}.Release|iPhone.ActiveCfg = Release|Any CPU
		{D68BB395-3938-48D0-924C-A6B6A1E074DE}.Release|iPhone.Build.0 = Release|Any CPU
		{D68BB395-3938-48D0-924C-A6B6A1E074DE}.Release|iPhoneSimulator.ActiveCfg = Release|Any CPU
		{D68BB395-3938-48D0-924C-A6B6A1E074DE}.Release|iPhoneSimulator.Build.0 = Release|Any CPU
		{824B3DF4-A976-49B6-BDD8-39383F8329D5}.Debug|Any CPU.ActiveCfg = Debug|Any CPU
		{824B3DF4-A976-49B6-BDD8-39383F8329D5}.Debug|Any CPU.Build.0 = Debug|Any CPU
		{824B3DF4-A976-49B6-BDD8-39383F8329D5}.Debug|iPhone.ActiveCfg = Debug|Any CPU
		{824B3DF4-A976-49B6-BDD8-39383F8329D5}.Debug|iPhone.Build.0 = Debug|Any CPU
		{824B3DF4-A976-49B6-BDD8-39383F8329D5}.Debug|iPhoneSimulator.ActiveCfg = Debug|Any CPU
		{824B3DF4-A976-49B6-BDD8-39383F8329D5}.Debug|iPhoneSimulator.Build.0 = Debug|Any CPU
		{824B3DF4-A976-49B6-BDD8-39383F8329D5}.Release|Any CPU.ActiveCfg = Release|Any CPU
		{824B3DF4-A976-49B6-BDD8-39383F8329D5}.Release|Any CPU.Build.0 = Release|Any CPU
		{824B3DF4-A976-49B6-BDD8-39383F8329D5}.Release|iPhone.ActiveCfg = Release|Any CPU
		{824B3DF4-A976-49B6-BDD8-39383F8329D5}.Release|iPhone.Build.0 = Release|Any CPU
		{824B3DF4-A976-49B6-BDD8-39383F8329D5}.Release|iPhoneSimulator.ActiveCfg = Release|Any CPU
		{824B3DF4-A976-49B6-BDD8-39383F8329D5}.Release|iPhoneSimulator.Build.0 = Release|Any CPU
	EndGlobalSection
	GlobalSection(SolutionProperties) = preSolution
		HideSolutionNode = FALSE
	EndGlobalSection
	GlobalSection(ExtensibilityGlobals) = postSolution
		SolutionGuid = {A3DFA962-6898-4268-822E-CCC3E2EC060E}
	EndGlobalSection
EndGlobal
